
Microsoft Visual Studio Solution File, Format Version 12.00
# Visual Studio Version 16
VisualStudioVersion = 16.0.810.11
MinimumVisualStudioVersion = 10.0.40219.1
Project("{FAE04EC0-301F-11D3-BF4B-00C04F79EFBC}") = "CirclesAndSpheresAreHard", "CirclesAndSpheresAreHard\CirclesAndSpheresAreHard.csproj", "{32A7F694-F131-4E4D-B0CC-A42814F50B38}"
EndProject
Global
	GlobalSection(SolutionConfigurationPlatforms) = preSolution
		Debug|anycpu = Debug|anycpu
		Release|anycpu = Release|anycpu
	EndGlobalSection
	GlobalSection(ProjectConfigurationPlatforms) = postSolution
		{32A7F694-F131-4E4D-B0CC-A42814F50B38}.Debug|anycpu.ActiveCfg = Debug|anycpu
		{32A7F694-F131-4E4D-B0CC-A42814F50B38}.Debug|anycpu.Build.0 = Debug|anycpu
		{32A7F694-F131-4E4D-B0CC-A42814F50B38}.Release|anycpu.ActiveCfg = Release|anycpu
		{32A7F694-F131-4E4D-B0CC-A42814F50B38}.Release|anycpu.Build.0 = Release|anycpu
	EndGlobalSection
	GlobalSection(SolutionProperties) = preSolution
		HideSolutionNode = FALSE
	EndGlobalSection
	GlobalSection(ExtensibilityGlobals) = postSolution
		SolutionGuid = {DFBDE7CA-06D1-457D-A0F2-D6057A54F7BC}
	EndGlobalSection
EndGlobal
